
Microsoft Visual Studio Solution File, Format Version 12.00
# Visual Studio Version 16
VisualStudioVersion = 16.0.29306.81
MinimumVisualStudioVersion = 10.0.40219.1
Project("{9A19103F-16F7-4668-BE54-9A1E7A4F7556}") = "Autopsy.ILSpy", "src\Autopsy.ILSpy\Autopsy.ILSpy.csproj", "{F8F66DAA-C6C5-4C12-9F87-60F8D5AD8CB4}"
EndProject
Project("{9A19103F-16F7-4668-BE54-9A1E7A4F7556}") = "Autopsy.ILSpy.Demo", "tests\Autopsy.ILSpy.Demo\Autopsy.ILSpy.Demo.csproj", "{7F0ED113-6758-48E8-A068-CEE469CD9D53}"
EndProject
Project("{9A19103F-16F7-4668-BE54-9A1E7A4F7556}") = "Autopsy.ILSpy.UnitTests", "tests\Autopsy.ILSpy.UnitTests\Autopsy.ILSpy.UnitTests.csproj", "{EA0E6F7F-0B0D-42BF-BD6B-51336217CBBF}"
EndProject
Project("{2150E333-8FDC-42A3-9474-1A3956D46DE8}") = "files", "files", "{2F7FDE90-B8F4-4698-84C4-3580A914BB5F}"
	ProjectSection(SolutionItems) = preProject
		.travis.yml = .travis.yml
		deploy.sh = deploy.sh
		README.md = README.md
	EndProjectSection
EndProject
Project("{9A19103F-16F7-4668-BE54-9A1E7A4F7556}") = "Autopsy.ILSpy.UnitTests.TestObjects", "tests\Autopsy.ILSpy.UnitTests.TestObjects\Autopsy.ILSpy.UnitTests.TestObjects.csproj", "{0AC6CAC6-76EA-49DA-BC04-A96624D98206}"
EndProject
Global
	GlobalSection(SolutionConfigurationPlatforms) = preSolution
		Debug|Any CPU = Debug|Any CPU
		Release|Any CPU = Release|Any CPU
	EndGlobalSection
	GlobalSection(ProjectConfigurationPlatforms) = postSolution
		{F8F66DAA-C6C5-4C12-9F87-60F8D5AD8CB4}.Debug|Any CPU.ActiveCfg = Debug|Any CPU
		{F8F66DAA-C6C5-4C12-9F87-60F8D5AD8CB4}.Debug|Any CPU.Build.0 = Debug|Any CPU
		{F8F66DAA-C6C5-4C12-9F87-60F8D5AD8CB4}.Release|Any CPU.ActiveCfg = Release|Any CPU
		{F8F66DAA-C6C5-4C12-9F87-60F8D5AD8CB4}.Release|Any CPU.Build.0 = Release|Any CPU
		{7F0ED113-6758-48E8-A068-CEE469CD9D53}.Debug|Any CPU.ActiveCfg = Debug|Any CPU
		{7F0ED113-6758-48E8-A068-CEE469CD9D53}.Debug|Any CPU.Build.0 = Debug|Any CPU
		{7F0ED113-6758-48E8-A068-CEE469CD9D53}.Release|Any CPU.ActiveCfg = Release|Any CPU
		{7F0ED113-6758-48E8-A068-CEE469CD9D53}.Release|Any CPU.Build.0 = Release|Any CPU
		{EA0E6F7F-0B0D-42BF-BD6B-51336217CBBF}.Debug|Any CPU.ActiveCfg = Debug|Any CPU
		{EA0E6F7F-0B0D-42BF-BD6B-51336217CBBF}.Debug|Any CPU.Build.0 = Debug|Any CPU
		{EA0E6F7F-0B0D-42BF-BD6B-51336217CBBF}.Release|Any CPU.ActiveCfg = Release|Any CPU
		{EA0E6F7F-0B0D-42BF-BD6B-51336217CBBF}.Release|Any CPU.Build.0 = Release|Any CPU
		{0AC6CAC6-76EA-49DA-BC04-A96624D98206}.Debug|Any CPU.ActiveCfg = Debug|Any CPU
		{0AC6CAC6-76EA-49DA-BC04-A96624D98206}.Debug|Any CPU.Build.0 = Debug|Any CPU
		{0AC6CAC6-76EA-49DA-BC04-A96624D98206}.Release|Any CPU.ActiveCfg = Release|Any CPU
		{0AC6CAC6-76EA-49DA-BC04-A96624D98206}.Release|Any CPU.Build.0 = Release|Any CPU
	EndGlobalSection
	GlobalSection(SolutionProperties) = preSolution
		HideSolutionNode = FALSE
	EndGlobalSection
	GlobalSection(ExtensibilityGlobals) = postSolution
		SolutionGuid = {9E2C770F-D74F-47A0-9339-C1DC9A096670}
	EndGlobalSection
EndGlobal
